// !$*UTF8*$!
{
	archiveVersion = 1;
	classes = {
	};
	objectVersion = 50;
	objects = {

/* Begin PBXBuildFile section */
		CE89786324ACE4440011411E /* japan5.jpg in Resources */ = {isa = PBXBuildFile; fileRef = CE89785E24ACE4430011411E /* japan5.jpg */; };
		CE89786424ACE4440011411E /* japan2.jpg in Resources */ = {isa = PBXBuildFile; fileRef = CE89785F24ACE4430011411E /* japan2.jpg */; };
		CE89786524ACE4440011411E /* japan1.jpg in Resources */ = {isa = PBXBuildFile; fileRef = CE89786024ACE4430011411E /* japan1.jpg */; };
		CE89786624ACE4440011411E /* japan3.jpg in Resources */ = {isa = PBXBuildFile; fileRef = CE89786124ACE4440011411E /* japan3.jpg */; };
		CE89786724ACE4440011411E /* japan4.jpg in Resources */ = {isa = PBXBuildFile; fileRef = CE89786224ACE4440011411E /* japan4.jpg */; };
		CED80AAD249215350041750E /* AppDelegate.swift in Sources */ = {isa = PBXBuildFile; fileRef = CED80AAC249215350041750E /* AppDelegate.swift */; };
		CED80AAF249215350041750E /* SceneDelegate.swift in Sources */ = {isa = PBXBuildFile; fileRef = CED80AAE249215350041750E /* SceneDelegate.swift */; };
		CED80AB1249215350041750E /* ViewController.swift in Sources */ = {isa = PBXBuildFile; fileRef = CED80AB0249215350041750E /* ViewController.swift */; };
		CED80AB4249215350041750E /* Main.storyboard in Resources */ = {isa = PBXBuildFile; fileRef = CED80AB2249215350041750E /* Main.storyboard */; };
		CED80AB6249215380041750E /* Assets.xcassets in Resources */ = {isa = PBXBuildFile; fileRef = CED80AB5249215380041750E /* Assets.xcassets */; };
		CED80AB9249215380041750E /* LaunchScreen.storyboard in Resources */ = {isa = PBXBuildFile; fileRef = CED80AB7249215380041750E /* LaunchScreen.storyboard */; };
		CED80AC12492157D0041750E /* ResultViewController.swift in Sources */ = {isa = PBXBuildFile; fileRef = CED80AC02492157D0041750E /* ResultViewController.swift */; };
/* End PBXBuildFile section */

/* Begin PBXFileReference section */
		CE89785E24ACE4430011411E /* japan5.jpg */ = {isa = PBXFileReference; lastKnownFileType = image.jpeg; path = japan5.jpg; sourceTree = "<group>"; };
		CE89785F24ACE4430011411E /* japan2.jpg */ = {isa = PBXFileReference; lastKnownFileType = image.jpeg; path = japan2.jpg; sourceTree = "<group>"; };
		CE89786024ACE4430011411E /* japan1.jpg */ = {isa = PBXFileReference; lastKnownFileType = image.jpeg; path = japan1.jpg; sourceTree = "<group>"; };
		CE89786124ACE4440011411E /* japan3.jpg */ = {isa = PBXFileReference; lastKnownFileType = image.jpeg; path = japan3.jpg; sourceTree = "<group>"; };
		CE89786224ACE4440011411E /* japan4.jpg */ = {isa = PBXFileReference; lastKnownFileType = image.jpeg; path = japan4.jpg; sourceTree = "<group>"; };
		CED80AA9249215350041750E /* Slideshow App.app */ = {isa = PBXFileReference; explicitFileType = wrapper.application; includeInIndex = 0; path = "Slideshow App.app"; sourceTree = BUILT_PRODUCTS_DIR; };
		CED80AAC249215350041750E /* AppDelegate.swift */ = {isa = PBXFileReference; lastKnownFileType = sourcecode.swift; path = AppDelegate.swift; sourceTree = "<group>"; };
		CED80AAE249215350041750E /* SceneDelegate.swift */ = {isa = PBXFileReference; lastKnownFileType = sourcecode.swift; path = SceneDelegate.swift; sourceTree = "<group>"; };
		CED80AB0249215350041750E /* ViewController.swift */ = {isa = PBXFileReference; lastKnownFileType = sourcecode.swift; path = ViewController.swift; sourceTree = "<group>"; };
		CED80AB3249215350041750E /* Base */ = {isa = PBXFileReference; lastKnownFileType = file.storyboard; name = Base; path = Base.lproj/Main.storyboard; sourceTree = "<group>"; };
		CED80AB5249215380041750E /* Assets.xcassets */ = {isa = PBXFileReference; lastKnownFileType = folder.assetcatalog; path = Assets.xcassets; sourceTree = "<group>"; };
		CED80AB8249215380041750E /* Base */ = {isa = PBXFileReference; lastKnownFileType = file.storyboard; name = Base; path = Base.lproj/LaunchScreen.storyboard; sourceTree = "<group>"; };
		CED80ABA249215380041750E /* Info.plist */ = {isa = PBXFileReference; lastKnownFileType = text.plist.xml; path = Info.plist; sourceTree = "<group>"; };
		CED80AC02492157D0041750E /* ResultViewController.swift */ = {isa = PBXFileReference; lastKnownFileType = sourcecode.swift; path = ResultViewController.swift; sourceTree = "<group>"; };
/* End PBXFileReference section */

/* Begin PBXFrameworksBuildPhase section */
		CED80AA6249215350041750E /* Frameworks */ = {
			isa = PBXFrameworksBuildPhase;
			buildActionMask = 2147483647;
			files = (
			);
			runOnlyForDeploymentPostprocessing = 0;
		};
/* End PBXFrameworksBuildPhase section */

/* Begin PBXGroup section */
		CED80AA0249215350041750E = {
			isa = PBXGroup;
			children = (
				CED80AAB249215350041750E /* Slideshow App */,
				CED80AAA249215350041750E /* Products */,
			);
			sourceTree = "<group>";
		};
		CED80AAA249215350041750E /* Products */ = {
			isa = PBXGroup;
			children = (
				CED80AA9249215350041750E /* Slideshow App.app */,
			);
			name = Products;
			sourceTree = "<group>";
		};
		CED80AAB249215350041750E /* Slideshow App */ = {
			isa = PBXGroup;
			children = (
				CED80AAC249215350041750E /* AppDelegate.swift */,
				CED80AAE249215350041750E /* SceneDelegate.swift */,
				CED80AB0249215350041750E /* ViewController.swift */,
				CED80AC02492157D0041750E /* ResultViewController.swift */,
				CED80AB2249215350041750E /* Main.storyboard */,
				CED80AB5249215380041750E /* Assets.xcassets */,
				CE89786024ACE4430011411E /* japan1.jpg */,
				CE89785F24ACE4430011411E /* japan2.jpg */,
				CE89786124ACE4440011411E /* japan3.jpg */,
				CE89786224ACE4440011411E /* japan4.jpg */,
				CE89785E24ACE4430011411E /* japan5.jpg */,
				CED80AB7249215380041750E /* LaunchScreen.storyboard */,
				CED80ABA249215380041750E /* Info.plist */,
			);
			path = "Slideshow App";
			sourceTree = "<group>";
		};
/* End PBXGroup section */

/* Begin PBXNativeTarget section */
		CED80AA8249215350041750E /* Slideshow App */ = {
			isa = PBXNativeTarget;
			buildConfigurationList = CED80ABD249215380041750E /* Build configuration list for PBXNativeTarget "Slideshow App" */;
			buildPhases = (
				CED80AA5249215350041750E /* Sources */,
				CED80AA6249215350041750E /* Frameworks */,
				CED80AA7249215350041750E /* Resources */,
			);
			buildRules = (
			);
			dependencies = (
			);
			name = "Slideshow App";
			productName = "Slideshow App";
			productReference = CED80AA9249215350041750E /* Slideshow App.app */;
			productType = "com.apple.product-type.application";
		};
/* End PBXNativeTarget section */

/* Begin PBXProject section */
		CED80AA1249215350041750E /* Project object */ = {
			isa = PBXProject;
			attributes = {
				LastSwiftUpdateCheck = 1110;
				LastUpgradeCheck = 1110;
				ORGANIZATIONNAME = shogo.ujiie;
				TargetAttributes = {
					CED80AA8249215350041750E = {
						CreatedOnToolsVersion = 11.1;
					};
				};
			};
			buildConfigurationList = CED80AA4249215350041750E /* Build configuration list for PBXProject "Slideshow App" */;
			compatibilityVersion = "Xcode 9.3";
			developmentRegion = en;
			hasScannedForEncodings = 0;
			knownRegions = (
				en,
				Base,
			);
			mainGroup = CED80AA0249215350041750E;
			productRefGroup = CED80AAA249215350041750E /* Products */;
			projectDirPath = "";
			projectRoot = "";
			targets = (
				CED80AA8249215350041750E /* Slideshow App */,
			);
		};
/* End PBXProject section */

/* Begin PBXResourcesBuildPhase section */
		CED80AA7249215350041750E /* Resources */ = {
			isa = PBXResourcesBuildPhase;
			buildActionMask = 2147483647;
			files = (
				CED80AB9249215380041750E /* LaunchScreen.storyboard in Resources */,
				CE89786424ACE4440011411E /* japan2.jpg in Resources */,
				CED80AB6249215380041750E /* Assets.xcassets in Resources */,
				CE89786324ACE4440011411E /* japan5.jpg in Resources */,
				CE89786724ACE4440011411E /* japan4.jpg in Resources */,
				CED80AB4249215350041750E /* Main.storyboard in Resources */,
				CE89786524ACE4440011411E /* japan1.jpg in Resources */,
				CE89786624ACE4440011411E /* japan3.jpg in Resources */,
			);
			runOnlyForDeploymentPostprocessing = 0;
		};
/* End PBXResourcesBuildPhase section */

/* Begin PBXSourcesBuildPhase section */
		CED80AA5249215350041750E /* Sources */ = {
			isa = PBXSourcesBuildPhase;
			buildActionMask = 2147483647;
			files = (
				CED80AB1249215350041750E /* ViewController.swift in Sources */,
				CED80AAD249215350041750E /* AppDelegate.swift in Sources */,
				CED80AAF249215350041750E /* SceneDelegate.swift in Sources */,
				CED80AC12492157D0041750E /* ResultViewController.swift in Sources */,
			);
			runOnlyForDeploymentPostprocessing = 0;
		};
/* End PBXSourcesBuildPhase section */

/* Begin PBXVariantGroup section */
		CED80AB2249215350041750E /* Main.storyboard */ = {
			isa = PBXVariantGroup;
			children = (
				CED80AB3249215350041750E /* Base */,
			);
			name = Main.storyboard;
			sourceTree = "<group>";
		};
		CED80AB7249215380041750E /* LaunchScreen.storyboard */ = {
			isa = PBXVariantGroup;
			children = (
				CED80AB8249215380041750E /* Base */,
			);
			name = LaunchScreen.storyboard;
			sourceTree = "<group>";
		};
/* End PBXVariantGroup section */

/* Begin XCBuildConfiguration section */
		CED80ABB249215380041750E /* Debug */ = {
			isa = XCBuildConfiguration;
			buildSettings = {
				ALWAYS_SEARCH_USER_PATHS = NO;
				CLANG_ANALYZER_NONNULL = YES;
				CLANG_ANALYZER_NUMBER_OBJECT_CONVERSION = YES_AGGRESSIVE;
				CLANG_CXX_LANGUAGE_STANDARD = "gnu++14";
				CLANG_CXX_LIBRARY = "libc++";
				CLANG_ENABLE_MODULES = YES;
				CLANG_ENABLE_OBJC_ARC = YES;
				CLANG_ENABLE_OBJC_WEAK = YES;
				CLANG_WARN_BLOCK_CAPTURE_AUTORELEASING = YES;
				CLANG_WARN_BOOL_CONVERSION = YES;
				CLANG_WARN_COMMA = YES;
				CLANG_WARN_CONSTANT_CONVERSION = YES;
				CLANG_WARN_DEPRECATED_OBJC_IMPLEMENTATIONS = YES;
				CLANG_WARN_DIRECT_OBJC_ISA_USAGE = YES_ERROR;
				CLANG_WARN_DOCUMENTATION_COMMENTS = YES;
				CLANG_WARN_EMPTY_BODY = YES;
				CLANG_WARN_ENUM_CONVERSION = YES;
				CLANG_WARN_INFINITE_RECURSION = YES;
				CLANG_WARN_INT_CONVERSION = YES;
				CLANG_WARN_NON_LITERAL_NULL_CONVERSION = YES;
				CLANG_WARN_OBJC_IMPLICIT_RETAIN_SELF = YES;
				CLANG_WARN_OBJC_LITERAL_CONVERSION = YES;
				CLANG_WARN_OBJC_ROOT_CLASS = YES_ERROR;
				CLANG_WARN_RANGE_LOOP_ANALYSIS = YES;
				CLANG_WARN_STRICT_PROTOTYPES = YES;
				CLANG_WARN_SUSPICIOUS_MOVE = YES;
				CLANG_WARN_UNGUARDED_AVAILABILITY = YES_AGGRESSIVE;
				CLANG_WARN_UNREACHABLE_CODE = YES;
				CLANG_WARN__DUPLICATE_METHOD_MATCH = YES;
				COPY_PHASE_STRIP = NO;
				DEBUG_INFORMATION_FORMAT = dwarf;
				ENABLE_STRICT_OBJC_MSGSEND = YES;
				ENABLE_TESTABILITY = YES;
				GCC_C_LANGUAGE_STANDARD = gnu11;
				GCC_DYNAMIC_NO_PIC = NO;
				GCC_NO_COMMON_BLOCKS = YES;
				GCC_OPTIMIZATION_LEVEL = 0;
				GCC_PREPROCESSOR_DEFINITIONS = (
					"DEBUG=1",
					"$(inherited)",
				);
				GCC_WARN_64_TO_32_BIT_CONVERSION = YES;
				GCC_WARN_ABOUT_RETURN_TYPE = YES_ERROR;
				GCC_WARN_UNDECLARED_SELECTOR = YES;
				GCC_WARN_UNINITIALIZED_AUTOS = YES_AGGRESSIVE;
				GCC_WARN_UNUSED_FUNCTION = YES;
				GCC_WARN_UNUSED_VARIABLE = YES;
				IPHONEOS_DEPLOYMENT_TARGET = 13.1;
				MTL_ENABLE_DEBUG_INFO = INCLUDE_SOURCE;
				MTL_FAST_MATH = YES;
				ONLY_ACTIVE_ARCH = YES;
				SDKROOT = iphoneos;
				SWIFT_ACTIVE_COMPILATION_CONDITIONS = DEBUG;
				SWIFT_OPTIMIZATION_LEVEL = "-Onone";
			};
			name = Debug;
		};
		CED80ABC249215380041750E /* Release */ = {
			isa = XCBuildConfiguration;
			buildSettings = {
				ALWAYS_SEARCH_USER_PATHS = NO;
				CLANG_ANALYZER_NONNULL = YES;
				CLANG_ANALYZER_NUMBER_OBJECT_CONVERSION = YES_AGGRESSIVE;
				CLANG_CXX_LANGUAGE_STANDARD = "gnu++14";
				CLANG_CXX_LIBRARY = "libc++";
				CLANG_ENABLE_MODULES = YES;
				CLANG_ENABLE_OBJC_ARC = YES;
				CLANG_ENABLE_OBJC_WEAK = YES;
				CLANG_WARN_BLOCK_CAPTURE_AUTORELEASING = YES;
				CLANG_WARN_BOOL_CONVERSION = YES;
				CLANG_WARN_COMMA = YES;
				CLANG_WARN_CONSTANT_CONVERSION = YES;
				CLANG_WARN_DEPRECATED_OBJC_IMPLEMENTATIONS = YES;
				CLANG_WARN_DIRECT_OBJC_ISA_USAGE = YES_ERROR;
				CLANG_WARN_DOCUMENTATION_COMMENTS = YES;
				CLANG_WARN_EMPTY_BODY = YES;
				CLANG_WARN_ENUM_CONVERSION = YES;
				CLANG_WARN_INFINITE_RECURSION = YES;
				CLANG_WARN_INT_CONVERSION = YES;
				CLANG_WARN_NON_LITERAL_NULL_CONVERSION = YES;
				CLANG_WARN_OBJC_IMPLICIT_RETAIN_SELF = YES;
				CLANG_WARN_OBJC_LITERAL_CONVERSION = YES;
				CLANG_WARN_OBJC_ROOT_CLASS = YES_ERROR;
				CLANG_WARN_RANGE_LOOP_ANALYSIS = YES;
				CLANG_WARN_STRICT_PROTOTYPES = YES;
				CLANG_WARN_SUSPICIOUS_MOVE = YES;
				CLANG_WARN_UNGUARDED_AVAILABILITY = YES_AGGRESSIVE;
				CLANG_WARN_UNREACHABLE_CODE = YES;
				CLANG_WARN__DUPLICATE_METHOD_MATCH = YES;
				COPY_PHASE_STRIP = NO;
				DEBUG_INFORMATION_FORMAT = "dwarf-with-dsym";
				ENABLE_NS_ASSERTIONS = NO;
				ENABLE_STRICT_OBJC_MSGSEND = YES;
				GCC_C_LANGUAGE_STANDARD = gnu11;
				GCC_NO_COMMON_BLOCKS = YES;
				GCC_WARN_64_TO_32_BIT_CONVERSION = YES;
				GCC_WARN_ABOUT_RETURN_TYPE = YES_ERROR;
				GCC_WARN_UNDECLARED_SELECTOR = YES;
				GCC_WARN_UNINITIALIZED_AUTOS = YES_AGGRESSIVE;
				GCC_WARN_UNUSED_FUNCTION = YES;
				GCC_WARN_UNUSED_VARIABLE = YES;
				IPHONEOS_DEPLOYMENT_TARGET = 13.1;
				MTL_ENABLE_DEBUG_INFO = NO;
				MTL_FAST_MATH = YES;
				SDKROOT = iphoneos;
				SWIFT_COMPILATION_MODE = wholemodule;
				SWIFT_OPTIMIZATION_LEVEL = "-O";
				VALIDATE_PRODUCT = YES;
			};
			name = Release;
		};
		CED80ABE249215380041750E /* Debug */ = {
			isa = XCBuildConfiguration;
			buildSettings = {
				ASSETCATALOG_COMPILER_APPICON_NAME = AppIcon;
				CODE_SIGN_STYLE = Automatic;
				DEVELOPMENT_TEAM = C4B5S9R52H;
				INFOPLIST_FILE = "Slideshow App/Info.plist";
				LD_RUNPATH_SEARCH_PATHS = (
					"$(inherited)",
					"@executable_path/Frameworks",
				);
				PRODUCT_BUNDLE_IDENTIFIER = "jp.techacademy.shogo.ujiie.Slideshow-App";
				PRODUCT_NAME = "$(TARGET_NAME)";
				SWIFT_VERSION = 5.0;
				TARGETED_DEVICE_FAMILY = "1,2";
			};
			name = Debug;
		};
		CED80ABF249215380041750E /* Release */ = {
			isa = XCBuildConfiguration;
			buildSettings = {
				ASSETCATALOG_COMPILER_APPICON_NAME = AppIcon;
				CODE_SIGN_STYLE = Automatic;
				DEVELOPMENT_TEAM = C4B5S9R52H;
				INFOPLIST_FILE = "Slideshow App/Info.plist";
				LD_RUNPATH_SEARCH_PATHS = (
					"$(inherited)",
					"@executable_path/Frameworks",
				);
				PRODUCT_BUNDLE_IDENTIFIER = "jp.techacademy.shogo.ujiie.Slideshow-App";
				PRODUCT_NAME = "$(TARGET_NAME)";
				SWIFT_VERSION = 5.0;
				TARGETED_DEVICE_FAMILY = "1,2";
			};
			name = Release;
		};
/* End XCBuildConfiguration section */

/* Begin XCConfigurationList section */
		CED80AA4249215350041750E /* Build configuration list for PBXProject "Slideshow App" */ = {
			isa = XCConfigurationList;
			buildConfigurations = (
				CED80ABB249215380041750E /* Debug */,
				CED80ABC249215380041750E /* Release */,
			);
			defaultConfigurationIsVisible = 0;
			defaultConfigurationName = Release;
		};
		CED80ABD249215380041750E /* Build configuration list for PBXNativeTarget "Slideshow App" */ = {
			isa = XCConfigurationList;
			buildConfigurations = (
				CED80ABE249215380041750E /* Debug */,
				CED80ABF249215380041750E /* Release */,
			);
			defaultConfigurationIsVisible = 0;
			defaultConfigurationName = Release;
		};
/* End XCConfigurationList section */
	};
	rootObject = CED80AA1249215350041750E /* Project object */;
}
